
Microsoft Visual Studio Solution File, Format Version 12.00
# Visual Studio Version 17
VisualStudioVersion = 17.10.35201.131
MinimumVisualStudioVersion = 10.0.40219.1
Project("{FAE04EC0-301F-11D3-BF4B-00C04F79EFBC}") = "Task Tracker project", "Task Tracker project\Task Tracker project.csproj", "{E8FC9CBA-6F3C-48EA-9C66-8E36842F1764}"
EndProject
Global
	GlobalSection(SolutionConfigurationPlatforms) = preSolution
		Debug|Any CPU = Debug|Any CPU
		Release|Any CPU = Release|Any CPU
	EndGlobalSection
	GlobalSection(ProjectConfigurationPlatforms) = postSolution
		{E8FC9CBA-6F3C-48EA-9C66-8E36842F1764}.Debug|Any CPU.ActiveCfg = Debug|Any CPU
		{E8FC9CBA-6F3C-48EA-9C66-8E36842F1764}.Debug|Any CPU.Build.0 = Debug|Any CPU
		{E8FC9CBA-6F3C-48EA-9C66-8E36842F1764}.Release|Any CPU.ActiveCfg = Release|Any CPU
		{E8FC9CBA-6F3C-48EA-9C66-8E36842F1764}.Release|Any CPU.Build.0 = Release|Any CPU
	EndGlobalSection
	GlobalSection(SolutionProperties) = preSolution
		HideSolutionNode = FALSE
	EndGlobalSection
	GlobalSection(ExtensibilityGlobals) = postSolution
		SolutionGuid = {0977C9D3-8E24-43BF-B575-8EF27C93BCC2}
	EndGlobalSection
EndGlobal
